
Microsoft Visual Studio Solution File, Format Version 12.00
# Visual Studio Version 17
VisualStudioVersion = 17.4.33110.190
MinimumVisualStudioVersion = 10.0.40219.1
Project("{FAE04EC0-301F-11D3-BF4B-00C04F79EFBC}") = "SortedList.ConApp", "SortedList.ConApp\SortedList.ConApp.csproj", "{6AD125D5-4A09-40E9-B269-4AB83B2D5572}"
EndProject
Global
	GlobalSection(SolutionConfigurationPlatforms) = preSolution
		Debug|Any CPU = Debug|Any CPU
		Release|Any CPU = Release|Any CPU
	EndGlobalSection
	GlobalSection(ProjectConfigurationPlatforms) = postSolution
		{6AD125D5-4A09-40E9-B269-4AB83B2D5572}.Debug|Any CPU.ActiveCfg = Debug|Any CPU
		{6AD125D5-4A09-40E9-B269-4AB83B2D5572}.Debug|Any CPU.Build.0 = Debug|Any CPU
		{6AD125D5-4A09-40E9-B269-4AB83B2D5572}.Release|Any CPU.ActiveCfg = Release|Any CPU
		{6AD125D5-4A09-40E9-B269-4AB83B2D5572}.Release|Any CPU.Build.0 = Release|Any CPU
	EndGlobalSection
	GlobalSection(SolutionProperties) = preSolution
		HideSolutionNode = FALSE
	EndGlobalSection
	GlobalSection(ExtensibilityGlobals) = postSolution
		SolutionGuid = {4760EC23-C844-4D82-AB6F-24A6A47F5DF2}
	EndGlobalSection
EndGlobal
